{
  "requires": true,
  "lockfileVersion": 1,
  "dependencies": {
    "@syncfusion/ej2-angular-base": {
      "version": "20.2.49",
      "resolved": "https://registry.npmjs.org/@syncfusion/ej2-angular-base/-/ej2-angular-base-20.2.49.tgz",
      "integrity": "sha512-CXiJQ6vxs6IVu8VY7tTaAi0Gr1a30RN6q/Pn6qD4lSXOPCcTduB2eB9P0h5FBl+ERuCxHbHsuHHQ/JgNPq/1uQ==",
      "requires": {
        "@syncfusion/ej2-base": "~20.2.48",
        "@syncfusion/ej2-icons": "~20.2.45",
        "core-js": "^3.4.8",
        "reflect-metadata": "^0.1.9",
        "rxjs": "^6.5.4",
        "rxjs-compat": "^6.5.4",
        "zone.js": "^0.10.2"
      }
    },
    "@syncfusion/ej2-angular-calendars": {
      "version": "20.2.46",
      "resolved": "https://registry.npmjs.org/@syncfusion/ej2-angular-calendars/-/ej2-angular-calendars-20.2.46.tgz",
      "integrity": "sha512-LYqvsxRc6pSqqFBOToXNbHvG+6NXrFOhS2wKvTzjnwqJ4tGfNf3Ap2fWkQ3G7WM37cyhpvpf13HQM51i2e7Jgg==",
      "requires": {
        "@syncfusion/ej2-angular-base": "~20.2.46",
        "@syncfusion/ej2-base": "~20.2.46",
        "@syncfusion/ej2-calendars": "20.2.46",
        "tslib": "^2.3.0"
      }
    },
    "@syncfusion/ej2-base": {
      "version": "20.2.48",
      "resolved": "https://registry.npmjs.org/@syncfusion/ej2-base/-/ej2-base-20.2.48.tgz",
      "integrity": "sha512-w0FQTYd4QOMlQCn2VcyjaNBMDRhD4BwNpxaoUnEJJ8x4CCYtD1x64vhMJo7qb4Yxw34xus580cEKnZ5N5hmmdA==",
      "requires": {
        "@syncfusion/ej2-icons": "~20.2.45"
      }
    },
    "@syncfusion/ej2-buttons": {
      "version": "20.2.46",
      "resolved": "https://registry.npmjs.org/@syncfusion/ej2-buttons/-/ej2-buttons-20.2.46.tgz",
      "integrity": "sha512-cd+jb2o+xbOyzNmSIBw0tpRMpmuVg0HNyd0bbi9yqbZsh+Sl0AEUvIcXuNCFUsfZuqpwRiOgk9hN2r8PWzbmOg==",
      "requires": {
        "@syncfusion/ej2-base": "~20.2.46"
      }
    },
    "@syncfusion/ej2-calendars": {
      "version": "20.2.46",
      "resolved": "https://registry.npmjs.org/@syncfusion/ej2-calendars/-/ej2-calendars-20.2.46.tgz",
      "integrity": "sha512-XB1LY1dS5rGIU88J1m8eLFgI9MFMjz4qZ+RzyQAL9h7cAoXod0T5ihYkqkB6sypuiEpkephLGrBXkgBhces6pg==",
      "requires": {
        "@syncfusion/ej2-base": "~20.2.46",
        "@syncfusion/ej2-buttons": "~20.2.46",
        "@syncfusion/ej2-inputs": "~20.2.45",
        "@syncfusion/ej2-lists": "~20.2.46",
        "@syncfusion/ej2-popups": "~20.2.45"
      }
    },
    "@syncfusion/ej2-data": {
      "version": "20.2.45",
      "resolved": "https://registry.npmjs.org/@syncfusion/ej2-data/-/ej2-data-20.2.45.tgz",
      "integrity": "sha512-Oi9oKcJi14k788unERmO4ymWax8JlyPRkyHWeoxPlnxIpTVLGH9XszhVYMDzFfebla+aepABhoIzWFJ9C/22Gg==",
      "requires": {
        "@syncfusion/ej2-base": "~20.2.45"
      }
    },
    "@syncfusion/ej2-icons": {
      "version": "20.2.45",
      "resolved": "https://registry.npmjs.org/@syncfusion/ej2-icons/-/ej2-icons-20.2.45.tgz",
      "integrity": "sha512-8WFTWbxSRRTz0wn1JC4DXWHvF7NY3Ne8X8AcGzo+a6fjYFLuctV8CAYqdVembb3ABqcab75zuSy+UVoKyLpAQQ=="
    },
    "@syncfusion/ej2-inputs": {
      "version": "20.2.48",
      "resolved": "https://registry.npmjs.org/@syncfusion/ej2-inputs/-/ej2-inputs-20.2.48.tgz",
      "integrity": "sha512-DjPqXpbD/xqPhdFrbnAteDE0wIXhGJdjautaWp7IDZnqwcqrzEt58+58I1MLdiHKOtc8ZybkaH17w6uAEtB/KQ==",
      "requires": {
        "@syncfusion/ej2-base": "~20.2.48",
        "@syncfusion/ej2-buttons": "~20.2.46",
        "@syncfusion/ej2-popups": "~20.2.45",
        "@syncfusion/ej2-splitbuttons": "~20.2.45"
      }
    },
    "@syncfusion/ej2-lists": {
      "version": "20.2.46",
      "resolved": "https://registry.npmjs.org/@syncfusion/ej2-lists/-/ej2-lists-20.2.46.tgz",
      "integrity": "sha512-lSNKhLfOBHIgCabQkpC16CYQHM1SUMvCZmAihqdbfyyq7C1Pg2DYpkk4oTiKUzq/WQruijw7T+WEdw9HeWZCUg==",
      "requires": {
        "@syncfusion/ej2-base": "~20.2.46",
        "@syncfusion/ej2-buttons": "~20.2.46",
        "@syncfusion/ej2-data": "~20.2.45"
      }
    },
    "@syncfusion/ej2-popups": {
      "version": "20.2.49",
      "resolved": "https://registry.npmjs.org/@syncfusion/ej2-popups/-/ej2-popups-20.2.49.tgz",
      "integrity": "sha512-DeaJC+6b/XRhuGc8Px3EUVTwuCy+j5HyaggsmtOJ9QPbHiqwcs5u7KsXYfGVwszSZRFswqFk+uvSoxBaxC9WtA==",
      "requires": {
        "@syncfusion/ej2-base": "~20.2.48",
        "@syncfusion/ej2-buttons": "~20.2.46"
      }
    },
    "@syncfusion/ej2-splitbuttons": {
      "version": "20.2.45",
      "resolved": "https://registry.npmjs.org/@syncfusion/ej2-splitbuttons/-/ej2-splitbuttons-20.2.45.tgz",
      "integrity": "sha512-i91cQ9kA8u61lJClMuxMZ0MjbutaobIQnK9fOb15/oLaag4tfyl21aCGomJ4VDa50RA3939kMpiE+PeSuwOQgQ==",
      "requires": {
        "@syncfusion/ej2-base": "~20.2.45",
        "@syncfusion/ej2-popups": "~20.2.45"
      }
    },
    "core-js": {
      "version": "3.25.1",
      "resolved": "https://registry.npmjs.org/core-js/-/core-js-3.25.1.tgz",
      "integrity": "sha512-sr0FY4lnO1hkQ4gLDr24K0DGnweGO1QwSj5BpfQjpSJPdqWalja4cTps29Y/PJVG/P7FYlPDkH3hO+Tr0CvDgQ=="
    },
    "reflect-metadata": {
      "version": "0.1.13",
      "resolved": "https://registry.npmjs.org/reflect-metadata/-/reflect-metadata-0.1.13.tgz",
      "integrity": "sha512-Ts1Y/anZELhSsjMcU605fU9RE4Oi3p5ORujwbIKXfWa+0Zxs510Qrmrce5/Jowq3cHSZSJqBjypxmHarc+vEWg=="
    },
    "rxjs": {
      "version": "6.6.7",
      "resolved": "https://registry.npmjs.org/rxjs/-/rxjs-6.6.7.tgz",
      "integrity": "sha512-hTdwr+7yYNIT5n4AMYp85KA6yw2Va0FLa3Rguvbpa4W3I5xynaBZo41cM3XM+4Q6fRMj3sBYIR1VAmZMXYJvRQ==",
      "requires": {
        "tslib": "^1.9.0"
      },
      "dependencies": {
        "tslib": {
          "version": "1.14.1",
          "resolved": "https://registry.npmjs.org/tslib/-/tslib-1.14.1.tgz",
          "integrity": "sha512-Xni35NKzjgMrwevysHTCArtLDpPvye8zV/0E4EyYn43P7/7qvQwPh9BGkHewbMulVntbigmcT7rdX3BNo9wRJg=="
        }
      }
    },
    "rxjs-compat": {
      "version": "6.6.7",
      "resolved": "https://registry.npmjs.org/rxjs-compat/-/rxjs-compat-6.6.7.tgz",
      "integrity": "sha512-szN4fK+TqBPOFBcBcsR0g2cmTTUF/vaFEOZNuSdfU8/pGFnNmmn2u8SystYXG1QMrjOPBc6XTKHMVfENDf6hHw=="
    },
    "tslib": {
      "version": "2.4.0",
      "resolved": "https://registry.npmjs.org/tslib/-/tslib-2.4.0.tgz",
      "integrity": "sha512-d6xOpEDfsi2CZVlPQzGeux8XMwLT9hssAsaPYExaQMuYskwb+x1x7J371tWlbBdWHroy99KnVB6qIkUbs5X3UQ=="
    },
    "zone.js": {
      "version": "0.10.3",
      "resolved": "https://registry.npmjs.org/zone.js/-/zone.js-0.10.3.tgz",
      "integrity": "sha512-LXVLVEq0NNOqK/fLJo3d0kfzd4sxwn2/h67/02pjCjfKDxgx1i9QqpvtHD8CrBnSSwMw5+dy11O7FRX5mkO7Cg=="
    }
  }
}
